
Microsoft Visual Studio Solution File, Format Version 12.00
# Visual Studio Version 17
VisualStudioVersion = 17.0.31903.59
MinimumVisualStudioVersion = 10.0.40219.1
Project("{FAE04EC0-301F-11D3-BF4B-00C04F79EFBC}") = "logging", "lab1\logging.csproj", "{4B33B4CA-9DDC-440C-8902-CDF3157E249A}"
EndProject
Project("{2150E333-8FDC-42A3-9474-1A3956D46DE8}") = "lab2", "lab2", "{773E7E81-9FE5-43FD-8972-3E17A1395B7D}"
EndProject
Project("{2150E333-8FDC-42A3-9474-1A3956D46DE8}") = "Codebreaker-Initial", "Codebreaker-Initial", "{B13A4715-4F5D-49AC-8CAA-5EF93638003D}"
EndProject
Project("{FAE04EC0-301F-11D3-BF4B-00C04F79EFBC}") = "Codebreaker.AppHost", "lab2\Codebreaker-Initial\Codebreaker.AppHost\Codebreaker.AppHost.csproj", "{3007B948-9001-4D72-B1AE-06D41F7A2848}"
EndProject
Project("{FAE04EC0-301F-11D3-BF4B-00C04F79EFBC}") = "CodeBreaker.Bot", "lab2\Codebreaker-Initial\CodeBreaker.Bot\CodeBreaker.Bot.csproj", "{5F4502C9-E51C-499B-B29E-FD81A8C9E1E6}"
EndProject
Project("{FAE04EC0-301F-11D3-BF4B-00C04F79EFBC}") = "Codebreaker.GameAPIs", "lab2\Codebreaker-Initial\Codebreaker.GameAPIs\Codebreaker.GameAPIs.csproj", "{F61F27FC-49E0-414E-8F7C-C2938A67DC3B}"
EndProject
Project("{FAE04EC0-301F-11D3-BF4B-00C04F79EFBC}") = "Codebreaker.ServiceDefaults", "lab2\Codebreaker-Initial\Codebreaker.ServiceDefaults\Codebreaker.ServiceDefaults.csproj", "{0EC64701-88DA-42AA-971E-4BF8529F5F92}"
EndProject
Project("{2150E333-8FDC-42A3-9474-1A3956D46DE8}") = "Codebreaker-withmonitoring", "Codebreaker-withmonitoring", "{91EC1DDF-1B7C-40A2-ACE8-F2CC07608E03}"
EndProject
Project("{FAE04EC0-301F-11D3-BF4B-00C04F79EFBC}") = "Codebreaker.AppHost", "lab2\Codebreaker-withmonitoring\Codebreaker.AppHost\Codebreaker.AppHost.csproj", "{F75A52F4-9A23-42D6-950F-781456F0EB79}"
EndProject
Project("{FAE04EC0-301F-11D3-BF4B-00C04F79EFBC}") = "CodeBreaker.Bot", "lab2\Codebreaker-withmonitoring\CodeBreaker.Bot\CodeBreaker.Bot.csproj", "{281ECB21-BF7E-4188-839B-61C9FF65B079}"
EndProject
Project("{FAE04EC0-301F-11D3-BF4B-00C04F79EFBC}") = "CodeBreaker.Bot.Tests", "lab2\Codebreaker-withmonitoring\CodeBreaker.Bot.Tests\CodeBreaker.Bot.Tests.csproj", "{4AEB4FF6-72B5-41CC-9CDA-DFAE8F8FF48A}"
EndProject
Project("{FAE04EC0-301F-11D3-BF4B-00C04F79EFBC}") = "Codebreaker.GameAPIs", "lab2\Codebreaker-withmonitoring\Codebreaker.GameAPIs\Codebreaker.GameAPIs.csproj", "{9D415713-6B4E-4324-A9DF-5F54233913C2}"
EndProject
Project("{FAE04EC0-301F-11D3-BF4B-00C04F79EFBC}") = "Codebreaker.GameAPIs.Client", "lab2\Codebreaker-withmonitoring\Codebreaker.GameAPIs.Client\Codebreaker.GameAPIs.Client.csproj", "{32A8C02B-6302-49DD-B9BC-A8F41386B46C}"
EndProject
Project("{FAE04EC0-301F-11D3-BF4B-00C04F79EFBC}") = "Codebreaker.GameAPIs.Client.Tests", "lab2\Codebreaker-withmonitoring\Codebreaker.GameAPIs.Client.Tests\Codebreaker.GameAPIs.Client.Tests.csproj", "{43D233F7-FCBD-4493-AA7E-B890EE3EEACB}"
EndProject
Project("{FAE04EC0-301F-11D3-BF4B-00C04F79EFBC}") = "Codebreaker.GameAPIs.Tests", "lab2\Codebreaker-withmonitoring\Codebreaker.GameAPIs.Tests\Codebreaker.GameAPIs.Tests.csproj", "{3582678B-E030-49FB-899A-A9CBE228031A}"
EndProject
Project("{FAE04EC0-301F-11D3-BF4B-00C04F79EFBC}") = "Codebreaker.ServiceDefaults", "lab2\Codebreaker-withmonitoring\Codebreaker.ServiceDefaults\Codebreaker.ServiceDefaults.csproj", "{2095DC2D-1AF7-4487-97FD-378DD0CB1E36}"
EndProject
Project("{2150E333-8FDC-42A3-9474-1A3956D46DE8}") = "lab3", "lab3", "{F55BB1A5-719F-49A4-B18F-4544012D2C49}"
EndProject
Project("{2150E333-8FDC-42A3-9474-1A3956D46DE8}") = "eShopLite", "eShopLite", "{FB820C38-D0E7-4FD7-983C-B993D81EE7B1}"
EndProject
Project("{FAE04EC0-301F-11D3-BF4B-00C04F79EFBC}") = "DataEntities", "lab3\eShopLite\DataEntities\DataEntities.csproj", "{E99497F7-72B4-4F8F-8B40-A2D1DC346A78}"
EndProject
Project("{FAE04EC0-301F-11D3-BF4B-00C04F79EFBC}") = "Products", "lab3\eShopLite\Products\Products.csproj", "{5C0E293C-4BC1-45F1-9B79-4E6FF253F680}"
EndProject
Project("{FAE04EC0-301F-11D3-BF4B-00C04F79EFBC}") = "Store", "lab3\eShopLite\Store\Store.csproj", "{E69563FC-32C8-452F-BA1E-90F939DA9077}"
EndProject
Global
	GlobalSection(SolutionConfigurationPlatforms) = preSolution
		Debug|Any CPU = Debug|Any CPU
		Release|Any CPU = Release|Any CPU
	EndGlobalSection
	GlobalSection(SolutionProperties) = preSolution
		HideSolutionNode = FALSE
	EndGlobalSection
	GlobalSection(ProjectConfigurationPlatforms) = postSolution
		{4B33B4CA-9DDC-440C-8902-CDF3157E249A}.Debug|Any CPU.ActiveCfg = Debug|Any CPU
		{4B33B4CA-9DDC-440C-8902-CDF3157E249A}.Debug|Any CPU.Build.0 = Debug|Any CPU
		{4B33B4CA-9DDC-440C-8902-CDF3157E249A}.Release|Any CPU.ActiveCfg = Release|Any CPU
		{4B33B4CA-9DDC-440C-8902-CDF3157E249A}.Release|Any CPU.Build.0 = Release|Any CPU
		{3007B948-9001-4D72-B1AE-06D41F7A2848}.Debug|Any CPU.ActiveCfg = Debug|Any CPU
		{3007B948-9001-4D72-B1AE-06D41F7A2848}.Debug|Any CPU.Build.0 = Debug|Any CPU
		{3007B948-9001-4D72-B1AE-06D41F7A2848}.Release|Any CPU.ActiveCfg = Release|Any CPU
		{3007B948-9001-4D72-B1AE-06D41F7A2848}.Release|Any CPU.Build.0 = Release|Any CPU
		{5F4502C9-E51C-499B-B29E-FD81A8C9E1E6}.Debug|Any CPU.ActiveCfg = Debug|Any CPU
		{5F4502C9-E51C-499B-B29E-FD81A8C9E1E6}.Debug|Any CPU.Build.0 = Debug|Any CPU
		{5F4502C9-E51C-499B-B29E-FD81A8C9E1E6}.Release|Any CPU.ActiveCfg = Release|Any CPU
		{5F4502C9-E51C-499B-B29E-FD81A8C9E1E6}.Release|Any CPU.Build.0 = Release|Any CPU
		{F61F27FC-49E0-414E-8F7C-C2938A67DC3B}.Debug|Any CPU.ActiveCfg = Debug|Any CPU
		{F61F27FC-49E0-414E-8F7C-C2938A67DC3B}.Debug|Any CPU.Build.0 = Debug|Any CPU
		{F61F27FC-49E0-414E-8F7C-C2938A67DC3B}.Release|Any CPU.ActiveCfg = Release|Any CPU
		{F61F27FC-49E0-414E-8F7C-C2938A67DC3B}.Release|Any CPU.Build.0 = Release|Any CPU
		{0EC64701-88DA-42AA-971E-4BF8529F5F92}.Debug|Any CPU.ActiveCfg = Debug|Any CPU
		{0EC64701-88DA-42AA-971E-4BF8529F5F92}.Debug|Any CPU.Build.0 = Debug|Any CPU
		{0EC64701-88DA-42AA-971E-4BF8529F5F92}.Release|Any CPU.ActiveCfg = Release|Any CPU
		{0EC64701-88DA-42AA-971E-4BF8529F5F92}.Release|Any CPU.Build.0 = Release|Any CPU
		{F75A52F4-9A23-42D6-950F-781456F0EB79}.Debug|Any CPU.ActiveCfg = Debug|Any CPU
		{F75A52F4-9A23-42D6-950F-781456F0EB79}.Debug|Any CPU.Build.0 = Debug|Any CPU
		{F75A52F4-9A23-42D6-950F-781456F0EB79}.Release|Any CPU.ActiveCfg = Release|Any CPU
		{F75A52F4-9A23-42D6-950F-781456F0EB79}.Release|Any CPU.Build.0 = Release|Any CPU
		{281ECB21-BF7E-4188-839B-61C9FF65B079}.Debug|Any CPU.ActiveCfg = Debug|Any CPU
		{281ECB21-BF7E-4188-839B-61C9FF65B079}.Debug|Any CPU.Build.0 = Debug|Any CPU
		{281ECB21-BF7E-4188-839B-61C9FF65B079}.Release|Any CPU.ActiveCfg = Release|Any CPU
		{281ECB21-BF7E-4188-839B-61C9FF65B079}.Release|Any CPU.Build.0 = Release|Any CPU
		{4AEB4FF6-72B5-41CC-9CDA-DFAE8F8FF48A}.Debug|Any CPU.ActiveCfg = Debug|Any CPU
		{4AEB4FF6-72B5-41CC-9CDA-DFAE8F8FF48A}.Debug|Any CPU.Build.0 = Debug|Any CPU
		{4AEB4FF6-72B5-41CC-9CDA-DFAE8F8FF48A}.Release|Any CPU.ActiveCfg = Release|Any CPU
		{4AEB4FF6-72B5-41CC-9CDA-DFAE8F8FF48A}.Release|Any CPU.Build.0 = Release|Any CPU
		{9D415713-6B4E-4324-A9DF-5F54233913C2}.Debug|Any CPU.ActiveCfg = Debug|Any CPU
		{9D415713-6B4E-4324-A9DF-5F54233913C2}.Debug|Any CPU.Build.0 = Debug|Any CPU
		{9D415713-6B4E-4324-A9DF-5F54233913C2}.Release|Any CPU.ActiveCfg = Release|Any CPU
		{9D415713-6B4E-4324-A9DF-5F54233913C2}.Release|Any CPU.Build.0 = Release|Any CPU
		{32A8C02B-6302-49DD-B9BC-A8F41386B46C}.Debug|Any CPU.ActiveCfg = Debug|Any CPU
		{32A8C02B-6302-49DD-B9BC-A8F41386B46C}.Debug|Any CPU.Build.0 = Debug|Any CPU
		{32A8C02B-6302-49DD-B9BC-A8F41386B46C}.Release|Any CPU.ActiveCfg = Release|Any CPU
		{32A8C02B-6302-49DD-B9BC-A8F41386B46C}.Release|Any CPU.Build.0 = Release|Any CPU
		{43D233F7-FCBD-4493-AA7E-B890EE3EEACB}.Debug|Any CPU.ActiveCfg = Debug|Any CPU
		{43D233F7-FCBD-4493-AA7E-B890EE3EEACB}.Debug|Any CPU.Build.0 = Debug|Any CPU
		{43D233F7-FCBD-4493-AA7E-B890EE3EEACB}.Release|Any CPU.ActiveCfg = Release|Any CPU
		{43D233F7-FCBD-4493-AA7E-B890EE3EEACB}.Release|Any CPU.Build.0 = Release|Any CPU
		{3582678B-E030-49FB-899A-A9CBE228031A}.Debug|Any CPU.ActiveCfg = Debug|Any CPU
		{3582678B-E030-49FB-899A-A9CBE228031A}.Debug|Any CPU.Build.0 = Debug|Any CPU
		{3582678B-E030-49FB-899A-A9CBE228031A}.Release|Any CPU.ActiveCfg = Release|Any CPU
		{3582678B-E030-49FB-899A-A9CBE228031A}.Release|Any CPU.Build.0 = Release|Any CPU
		{2095DC2D-1AF7-4487-97FD-378DD0CB1E36}.Debug|Any CPU.ActiveCfg = Debug|Any CPU
		{2095DC2D-1AF7-4487-97FD-378DD0CB1E36}.Debug|Any CPU.Build.0 = Debug|Any CPU
		{2095DC2D-1AF7-4487-97FD-378DD0CB1E36}.Release|Any CPU.ActiveCfg = Release|Any CPU
		{2095DC2D-1AF7-4487-97FD-378DD0CB1E36}.Release|Any CPU.Build.0 = Release|Any CPU
		{E99497F7-72B4-4F8F-8B40-A2D1DC346A78}.Debug|Any CPU.ActiveCfg = Debug|Any CPU
		{E99497F7-72B4-4F8F-8B40-A2D1DC346A78}.Debug|Any CPU.Build.0 = Debug|Any CPU
		{E99497F7-72B4-4F8F-8B40-A2D1DC346A78}.Release|Any CPU.ActiveCfg = Release|Any CPU
		{E99497F7-72B4-4F8F-8B40-A2D1DC346A78}.Release|Any CPU.Build.0 = Release|Any CPU
		{5C0E293C-4BC1-45F1-9B79-4E6FF253F680}.Debug|Any CPU.ActiveCfg = Debug|Any CPU
		{5C0E293C-4BC1-45F1-9B79-4E6FF253F680}.Debug|Any CPU.Build.0 = Debug|Any CPU
		{5C0E293C-4BC1-45F1-9B79-4E6FF253F680}.Release|Any CPU.ActiveCfg = Release|Any CPU
		{5C0E293C-4BC1-45F1-9B79-4E6FF253F680}.Release|Any CPU.Build.0 = Release|Any CPU
		{E69563FC-32C8-452F-BA1E-90F939DA9077}.Debug|Any CPU.ActiveCfg = Debug|Any CPU
		{E69563FC-32C8-452F-BA1E-90F939DA9077}.Debug|Any CPU.Build.0 = Debug|Any CPU
		{E69563FC-32C8-452F-BA1E-90F939DA9077}.Release|Any CPU.ActiveCfg = Release|Any CPU
		{E69563FC-32C8-452F-BA1E-90F939DA9077}.Release|Any CPU.Build.0 = Release|Any CPU
	EndGlobalSection
	GlobalSection(NestedProjects) = preSolution
		{B13A4715-4F5D-49AC-8CAA-5EF93638003D} = {773E7E81-9FE5-43FD-8972-3E17A1395B7D}
		{3007B948-9001-4D72-B1AE-06D41F7A2848} = {B13A4715-4F5D-49AC-8CAA-5EF93638003D}
		{5F4502C9-E51C-499B-B29E-FD81A8C9E1E6} = {B13A4715-4F5D-49AC-8CAA-5EF93638003D}
		{F61F27FC-49E0-414E-8F7C-C2938A67DC3B} = {B13A4715-4F5D-49AC-8CAA-5EF93638003D}
		{0EC64701-88DA-42AA-971E-4BF8529F5F92} = {B13A4715-4F5D-49AC-8CAA-5EF93638003D}
		{91EC1DDF-1B7C-40A2-ACE8-F2CC07608E03} = {773E7E81-9FE5-43FD-8972-3E17A1395B7D}
		{F75A52F4-9A23-42D6-950F-781456F0EB79} = {91EC1DDF-1B7C-40A2-ACE8-F2CC07608E03}
		{281ECB21-BF7E-4188-839B-61C9FF65B079} = {91EC1DDF-1B7C-40A2-ACE8-F2CC07608E03}
		{4AEB4FF6-72B5-41CC-9CDA-DFAE8F8FF48A} = {91EC1DDF-1B7C-40A2-ACE8-F2CC07608E03}
		{9D415713-6B4E-4324-A9DF-5F54233913C2} = {91EC1DDF-1B7C-40A2-ACE8-F2CC07608E03}
		{32A8C02B-6302-49DD-B9BC-A8F41386B46C} = {91EC1DDF-1B7C-40A2-ACE8-F2CC07608E03}
		{43D233F7-FCBD-4493-AA7E-B890EE3EEACB} = {91EC1DDF-1B7C-40A2-ACE8-F2CC07608E03}
		{3582678B-E030-49FB-899A-A9CBE228031A} = {91EC1DDF-1B7C-40A2-ACE8-F2CC07608E03}
		{2095DC2D-1AF7-4487-97FD-378DD0CB1E36} = {91EC1DDF-1B7C-40A2-ACE8-F2CC07608E03}
		{FB820C38-D0E7-4FD7-983C-B993D81EE7B1} = {F55BB1A5-719F-49A4-B18F-4544012D2C49}
		{E99497F7-72B4-4F8F-8B40-A2D1DC346A78} = {FB820C38-D0E7-4FD7-983C-B993D81EE7B1}
		{5C0E293C-4BC1-45F1-9B79-4E6FF253F680} = {FB820C38-D0E7-4FD7-983C-B993D81EE7B1}
		{E69563FC-32C8-452F-BA1E-90F939DA9077} = {FB820C38-D0E7-4FD7-983C-B993D81EE7B1}
	EndGlobalSection
EndGlobal
